
Microsoft Visual Studio Solution File, Format Version 12.00
# Visual Studio Version 17
VisualStudioVersion = 17.7.34024.191
MinimumVisualStudioVersion = 10.0.40219.1
Project("{FAE04EC0-301F-11D3-BF4B-00C04F79EFBC}") = "MathGame", "MathGame\MathGame.csproj", "{A86898AB-4505-4735-B313-9ABD127AFFE2}"
EndProject
Global
	GlobalSection(SolutionConfigurationPlatforms) = preSolution
		Debug|Any CPU = Debug|Any CPU
		Release|Any CPU = Release|Any CPU
	EndGlobalSection
	GlobalSection(ProjectConfigurationPlatforms) = postSolution
		{A86898AB-4505-4735-B313-9ABD127AFFE2}.Debug|Any CPU.ActiveCfg = Debug|Any CPU
		{A86898AB-4505-4735-B313-9ABD127AFFE2}.Debug|Any CPU.Build.0 = Debug|Any CPU
		{A86898AB-4505-4735-B313-9ABD127AFFE2}.Release|Any CPU.ActiveCfg = Release|Any CPU
		{A86898AB-4505-4735-B313-9ABD127AFFE2}.Release|Any CPU.Build.0 = Release|Any CPU
	EndGlobalSection
	GlobalSection(SolutionProperties) = preSolution
		HideSolutionNode = FALSE
	EndGlobalSection
	GlobalSection(ExtensibilityGlobals) = postSolution
		SolutionGuid = {09E61D21-28EE-45ED-8FEE-453F9C637D5D}
	EndGlobalSection
EndGlobal
